#MicroXplorer Configuration settings - do not modify
CAD.formats=
CAD.pinconfig=
CAD.provider=
Dma.Request0=USART1_RX
Dma.Request1=USART1_TX
Dma.Request2=TIM3_CH4/UP
Dma.Request3=TIM1_UP
Dma.Request4=USART3_RX
Dma.Request5=USART3_TX
Dma.RequestsNb=6
Dma.TIM1_UP.3.Direction=DMA_PERIPH_TO_MEMORY
Dma.TIM1_UP.3.FIFOMode=DMA_FIFOMODE_DISABLE
Dma.TIM1_UP.3.Instance=DMA2_Stream5
Dma.TIM1_UP.3.MemDataAlignment=DMA_MDATAALIGN_WORD
Dma.TIM1_UP.3.MemInc=DMA_MINC_ENABLE
Dma.TIM1_UP.3.Mode=DMA_CIRCULAR
Dma.TIM1_UP.3.PeriphDataAlignment=DMA_PDATAALIGN_WORD
Dma.TIM1_UP.3.PeriphInc=DMA_PINC_DISABLE
Dma.TIM1_UP.3.Priority=DMA_PRIORITY_VERY_HIGH
Dma.TIM1_UP.3.RequestParameters=Instance,Direction,PeriphInc,MemInc,PeriphDataAlignment,MemDataAlignment,Mode,Priority,FIFOMode
Dma.TIM3_CH4/UP.2.Direction=DMA_PERIPH_TO_MEMORY
Dma.TIM3_CH4/UP.2.FIFOMode=DMA_FIFOMODE_DISABLE
Dma.TIM3_CH4/UP.2.Instance=DMA1_Stream2
Dma.TIM3_CH4/UP.2.MemDataAlignment=DMA_MDATAALIGN_WORD
Dma.TIM3_CH4/UP.2.MemInc=DMA_MINC_ENABLE
Dma.TIM3_CH4/UP.2.Mode=DMA_CIRCULAR
Dma.TIM3_CH4/UP.2.PeriphDataAlignment=DMA_PDATAALIGN_WORD
Dma.TIM3_CH4/UP.2.PeriphInc=DMA_PINC_DISABLE
Dma.TIM3_CH4/UP.2.Priority=DMA_PRIORITY_LOW
Dma.TIM3_CH4/UP.2.RequestParameters=Instance,Direction,PeriphInc,MemInc,PeriphDataAlignment,MemDataAlignment,Mode,Priority,FIFOMode
Dma.USART1_RX.0.Direction=DMA_PERIPH_TO_MEMORY
Dma.USART1_RX.0.FIFOMode=DMA_FIFOMODE_DISABLE
Dma.USART1_RX.0.Instance=DMA2_Stream2
Dma.USART1_RX.0.MemDataAlignment=DMA_MDATAALIGN_BYTE
Dma.USART1_RX.0.MemInc=DMA_MINC_ENABLE
Dma.USART1_RX.0.Mode=DMA_CIRCULAR
Dma.USART1_RX.0.PeriphDataAlignment=DMA_PDATAALIGN_BYTE
Dma.USART1_RX.0.PeriphInc=DMA_PINC_DISABLE
Dma.USART1_RX.0.Priority=DMA_PRIORITY_MEDIUM
Dma.USART1_RX.0.RequestParameters=Instance,Direction,PeriphInc,MemInc,PeriphDataAlignment,MemDataAlignment,Mode,Priority,FIFOMode
Dma.USART1_TX.1.Direction=DMA_MEMORY_TO_PERIPH
Dma.USART1_TX.1.FIFOMode=DMA_FIFOMODE_DISABLE
Dma.USART1_TX.1.Instance=DMA2_Stream7
Dma.USART1_TX.1.MemDataAlignment=DMA_MDATAALIGN_BYTE
Dma.USART1_TX.1.MemInc=DMA_MINC_ENABLE
Dma.USART1_TX.1.Mode=DMA_NORMAL
Dma.USART1_TX.1.PeriphDataAlignment=DMA_PDATAALIGN_BYTE
Dma.USART1_TX.1.PeriphInc=DMA_PINC_DISABLE
Dma.USART1_TX.1.Priority=DMA_PRIORITY_MEDIUM
Dma.USART1_TX.1.RequestParameters=Instance,Direction,PeriphInc,MemInc,PeriphDataAlignment,MemDataAlignment,Mode,Priority,FIFOMode
Dma.USART3_RX.4.Direction=DMA_PERIPH_TO_MEMORY
Dma.USART3_RX.4.FIFOMode=DMA_FIFOMODE_DISABLE
Dma.USART3_RX.4.Instance=DMA1_Stream1
Dma.USART3_RX.4.MemDataAlignment=DMA_MDATAALIGN_BYTE
Dma.USART3_RX.4.MemInc=DMA_MINC_ENABLE
Dma.USART3_RX.4.Mode=DMA_CIRCULAR
Dma.USART3_RX.4.PeriphDataAlignment=DMA_PDATAALIGN_BYTE
Dma.USART3_RX.4.PeriphInc=DMA_PINC_DISABLE
Dma.USART3_RX.4.Priority=DMA_PRIORITY_MEDIUM
Dma.USART3_RX.4.RequestParameters=Instance,Direction,PeriphInc,MemInc,PeriphDataAlignment,MemDataAlignment,Mode,Priority,FIFOMode
Dma.USART3_TX.5.Direction=DMA_MEMORY_TO_PERIPH
Dma.USART3_TX.5.FIFOMode=DMA_FIFOMODE_DISABLE
Dma.USART3_TX.5.Instance=DMA1_Stream3
Dma.USART3_TX.5.MemDataAlignment=DMA_MDATAALIGN_BYTE
Dma.USART3_TX.5.MemInc=DMA_MINC_ENABLE
Dma.USART3_TX.5.Mode=DMA_NORMAL
Dma.USART3_TX.5.PeriphDataAlignment=DMA_PDATAALIGN_BYTE
Dma.USART3_TX.5.PeriphInc=DMA_PINC_DISABLE
Dma.USART3_TX.5.Priority=DMA_PRIORITY_MEDIUM
Dma.USART3_TX.5.RequestParameters=Instance,Direction,PeriphInc,MemInc,PeriphDataAlignment,MemDataAlignment,Mode,Priority,FIFOMode
ETH.IPParameters=MediaInterface,MACAddr
ETH.MACAddr=02\:00\:11\:22\:33\:44
ETH.MediaInterface=HAL_ETH_RMII_MODE
FREERTOS.FootprintOK=true
FREERTOS.IPParameters=Tasks01,configTOTAL_HEAP_SIZE,configUSE_TICK_HOOK,FootprintOK,configUSE_STATS_FORMATTING_FUNCTIONS,configGENERATE_RUN_TIME_STATS,configCHECK_FOR_STACK_OVERFLOW
FREERTOS.Tasks01=startupTask,40,256,StartStartupTask,Default,NULL,Dynamic,NULL,NULL;shellTask,24,512,StartShellTask,Default,NULL,Dynamic,NULL,NULL;loggerTXTask,40,128,StartLoggerTXTask,Default,NULL,Dynamic,NULL,NULL;eventBusTask,48,384,StartEventBusTask,Default,NULL,Dynamic,NULL,NULL
FREERTOS.configCHECK_FOR_STACK_OVERFLOW=2
FREERTOS.configGENERATE_RUN_TIME_STATS=1
FREERTOS.configTOTAL_HEAP_SIZE=49152
FREERTOS.configUSE_STATS_FORMATTING_FUNCTIONS=1
FREERTOS.configUSE_TICK_HOOK=1
FSMC.AddressSetupTime1=2
FSMC.BusTurnAroundDuration1=0
FSMC.DataSetupTime1=8
FSMC.ExtendedMode1=FSMC_EXTENDED_MODE_DISABLE
FSMC.IPParameters=WriteOperation1,AddressSetupTime1,DataSetupTime1,BusTurnAroundDuration1,ExtendedMode1
FSMC.WriteOperation1=FSMC_WRITE_OPERATION_ENABLE
File.Version=6
GPIO.groupedBy=Group By Peripherals
I2C1.ClockSpeed=400000
I2C1.IPParameters=ClockSpeed
IWDG.IPParameters=Prescaler
IWDG.Prescaler=IWDG_PRESCALER_32
KeepUserPlacement=false
LWIP.BSP.number=1
LWIP.IPParameters=LWIP_STATS
LWIP.LWIP_STATS=0
LWIP.Version=v2.1.2_Cube
LWIP0.BSP.STBoard=false
LWIP0.BSP.api=BSP_COMPONENT_DRIVER
LWIP0.BSP.component=USER_PHY
LWIP0.BSP.condition=
LWIP0.BSP.instance=USER_PHY
LWIP0.BSP.ip=
LWIP0.BSP.mode=
LWIP0.BSP.name=Driver_PHY
LWIP0.BSP.semaphore=S_USER_PHY
LWIP0.BSP.solution=USER_PHY
Mcu.CPN=STM32F407ZGT6
Mcu.Family=STM32F4
Mcu.IP0=DMA
Mcu.IP1=ETH
Mcu.IP10=TIM1
Mcu.IP11=TIM2
Mcu.IP12=TIM3
Mcu.IP13=TIM8
Mcu.IP14=USART1
Mcu.IP15=USART3
Mcu.IP16=I2C1
Mcu.IP2=FREERTOS
Mcu.IP3=FSMC
Mcu.IP4=IWDG
Mcu.IP5=LWIP
Mcu.IP6=NVIC
Mcu.IP7=RCC
Mcu.IP8=RTC
Mcu.IP9=SYS
Mcu.IPNb=17
Mcu.Name=STM32F407Z(E-G)Tx
Mcu.Package=LQFP144
Mcu.Pin0=PE4
Mcu.Pin1=PF0
Mcu.Pin10=PH1-OSC_OUT
Mcu.Pin11=PC1
Mcu.Pin12=PA1
Mcu.Pin13=PA2
Mcu.Pin14=PA6
Mcu.Pin15=PA7
Mcu.Pin16=PC4
Mcu.Pin17=PC5
Mcu.Pin18=PB0
Mcu.Pin19=PB1
Mcu.Pin2=PF1
Mcu.Pin20=PB2
Mcu.Pin21=PF12
Mcu.Pin22=PF13
Mcu.Pin23=PF14
Mcu.Pin24=PF15
Mcu.Pin25=PG0
Mcu.Pin26=PG1
Mcu.Pin27=PE7
Mcu.Pin28=PE8
Mcu.Pin29=PE9
Mcu.Pin3=PF2
Mcu.Pin30=PE10
Mcu.Pin31=PE11
Mcu.Pin32=PE12
Mcu.Pin33=PE13
Mcu.Pin34=PE14
Mcu.Pin35=PE15
Mcu.Pin36=PB11
Mcu.Pin37=PB12
Mcu.Pin38=PB13
Mcu.Pin39=PD8
Mcu.Pin4=PF3
Mcu.Pin40=PD9
Mcu.Pin41=PD10
Mcu.Pin42=PD11
Mcu.Pin43=PD12
Mcu.Pin44=PD13
Mcu.Pin45=PD14
Mcu.Pin46=PD15
Mcu.Pin47=PG2
Mcu.Pin48=PG3
Mcu.Pin49=PG4
Mcu.Pin5=PF4
Mcu.Pin50=PG5
Mcu.Pin51=PC6
Mcu.Pin52=PA9
Mcu.Pin53=PA10
Mcu.Pin54=PA13
Mcu.Pin55=PA14
Mcu.Pin56=PC10
Mcu.Pin57=PC11
Mcu.Pin58=PD0
Mcu.Pin59=PD1
Mcu.Pin6=PF5
Mcu.Pin60=PD3
Mcu.Pin61=PD4
Mcu.Pin62=PD5
Mcu.Pin63=PG10
Mcu.Pin64=PB3
Mcu.Pin65=PB4
Mcu.Pin66=PB5
Mcu.Pin67=PB6
Mcu.Pin68=PB7
Mcu.Pin69=PE0
Mcu.Pin7=PF9
Mcu.Pin70=PE1
Mcu.Pin71=VP_FREERTOS_VS_CMSIS_V2
Mcu.Pin72=VP_IWDG_VS_IWDG
Mcu.Pin73=VP_LWIP_VS_Enabled
Mcu.Pin74=VP_RTC_VS_RTC_Activate
Mcu.Pin75=VP_SYS_VS_tim7
Mcu.Pin76=VP_TIM1_VS_ClockSourceINT
Mcu.Pin77=VP_TIM2_VS_ClockSourceINT
Mcu.Pin78=VP_TIM3_VS_ClockSourceINT
Mcu.Pin79=VP_TIM8_VS_ClockSourceINT
Mcu.Pin8=PF10
Mcu.Pin9=PH0-OSC_IN
Mcu.Pin80=PG6
Mcu.Pin81=PG7
Mcu.Pin82=PG8
Mcu.Pin83=PG15
Mcu.Pin84=PG11
Mcu.Pin85=PG13
Mcu.Pin86=PG14
Mcu.PinsNb=87
Mcu.ThirdPartyNb=0
Mcu.UserConstants=
Mcu.UserName=STM32F407ZGTx
MxCube.Version=6.18.0
MxDb.Version=DB.6.0.180
NVIC.BusFault_IRQn=true\:0\:0\:false\:false\:true\:false\:false\:false\:false
NVIC.DMA1_Stream1_IRQn=true\:5\:0\:false\:false\:true\:true\:false\:true\:true
NVIC.DMA1_Stream2_IRQn=true\:5\:0\:false\:false\:true\:true\:false\:true\:true
NVIC.DMA1_Stream3_IRQn=true\:5\:0\:false\:false\:true\:true\:false\:true\:true
NVIC.DMA2_Stream2_IRQn=true\:5\:0\:false\:false\:true\:true\:false\:true\:true
NVIC.DMA2_Stream5_IRQn=true\:5\:0\:false\:false\:true\:true\:false\:true\:true
NVIC.DMA2_Stream7_IRQn=true\:5\:0\:false\:false\:true\:true\:false\:true\:true
NVIC.DebugMonitor_IRQn=true\:0\:0\:false\:false\:true\:false\:false\:false\:false
NVIC.ETH_IRQn=true\:5\:0\:false\:false\:true\:true\:false\:true\:true
NVIC.EXTI9_5_IRQn=true\:5\:0\:false\:false\:true\:true\:true\:true\:true
NVIC.EXTI15_10_IRQn=true\:5\:0\:false\:false\:true\:true\:true\:true\:true
NVIC.ForceEnableDMAVector=true
NVIC.HardFault_IRQn=true\:0\:0\:false\:false\:true\:false\:false\:false\:false
NVIC.MemoryManagement_IRQn=true\:0\:0\:false\:false\:true\:false\:false\:false\:false
NVIC.NonMaskableInt_IRQn=true\:0\:0\:false\:false\:true\:false\:false\:false\:false
NVIC.PendSV_IRQn=true\:15\:0\:false\:false\:false\:true\:false\:false\:false
NVIC.PriorityGroup=NVIC_PRIORITYGROUP_4
NVIC.SVCall_IRQn=true\:0\:0\:false\:false\:false\:false\:false\:false\:false
NVIC.SavedPendsvIrqHandlerGenerated=true
NVIC.SavedSvcallIrqHandlerGenerated=true
NVIC.SavedSystickIrqHandlerGenerated=true
NVIC.SysTick_IRQn=true\:15\:0\:false\:false\:false\:true\:false\:true\:false
NVIC.TIM2_IRQn=true\:6\:0\:true\:false\:true\:true\:true\:true\:true
NVIC.TIM3_IRQn=true\:6\:0\:true\:false\:true\:true\:true\:true\:true
NVIC.TIM7_IRQn=true\:15\:0\:false\:false\:true\:false\:false\:true\:true
NVIC.TimeBase=TIM7_IRQn
NVIC.TimeBaseIP=TIM7
NVIC.USART1_IRQn=true\:5\:0\:false\:false\:true\:true\:true\:true\:true
NVIC.USART3_IRQn=true\:5\:0\:false\:false\:true\:true\:false\:true\:true
NVIC.UsageFault_IRQn=true\:0\:0\:false\:false\:true\:false\:false\:false\:false
PA1.Mode=RMII
PA1.Signal=ETH_REF_CLK
PA10.Mode=Asynchronous
PA10.Signal=USART1_RX
PA13.Mode=Serial_Wire
PA13.Signal=SYS_JTMS-SWDIO
PA14.Mode=Serial_Wire
PA14.Signal=SYS_JTCK-SWCLK
PA2.Mode=RMII
PA2.Signal=ETH_MDIO
PA6.Locked=true
PA6.Signal=S_TIM3_CH1
PA7.Mode=RMII
PA7.Signal=ETH_CRS_DV
PA9.Mode=Asynchronous
PA9.Signal=USART1_TX
PB0.GPIOParameters=GPIO_Speed
PB0.GPIO_Speed=GPIO_SPEED_FREQ_LOW
PB0.Locked=true
PB0.Signal=GPIO_Output
PB1.GPIOParameters=GPIO_PuPd
PB1.GPIO_PuPd=GPIO_PULLUP
PB1.Locked=true
PB1.Signal=GPIO_Input
PB2.GPIOParameters=GPIO_PuPd
PB2.GPIO_PuPd=GPIO_PULLUP
PB2.Locked=true
PB2.Signal=GPIO_Input
PB3.GPIOParameters=GPIO_PuPd
PB3.GPIO_PuPd=GPIO_PULLUP
PB3.Locked=true
PB3.Signal=GPIO_Input
PB4.GPIOParameters=GPIO_PuPd
PB4.GPIO_PuPd=GPIO_PULLUP
PB4.Locked=true
PB4.Signal=GPIO_Input
PB5.GPIOParameters=GPIO_PuPd
PB5.GPIO_PuPd=GPIO_PULLUP
PB5.Locked=true
PB5.Signal=GPIO_Input
PB6.Locked=true
PB6.Signal=I2C1_SCL
PB7.Locked=true
PB7.Signal=I2C1_SDA
PC1.Mode=RMII
PC1.Signal=ETH_MDC
PC10.Mode=Asynchronous
PC10.Signal=USART3_TX
PC11.Mode=Asynchronous
PC11.Signal=USART3_RX
PC4.Mode=RMII
PC4.Signal=ETH_RXD0
PC5.Mode=RMII
PC5.Signal=ETH_RXD1
PC6.Signal=S_TIM8_CH1
PCC.Bar.Display=Horizontal Bar
PCC.Checker=false
PCC.Display=Plot\: All Steps
PCC.Line=STM32F407/417
PCC.MCU=STM32F407Z(E-G)Tx
PCC.PartNumber=STM32F407ZGTx
PCC.SequenceTime=1.0 ms
PCC.SequenceTime.Unit=ms
PCC.Series=STM32F4
PCC.Temperature=25
PCC.Vdd=3.3
PD0.Signal=FSMC_D2_DA2
PD1.Signal=FSMC_D3_DA3
PD10.Signal=FSMC_D15_DA15
PD11.Signal=FSMC_A16_CLE
PD12.Signal=FSMC_A17_ALE
PD13.Signal=FSMC_A18
PD14.Signal=FSMC_D0_DA0
PD15.Signal=FSMC_D1_DA1
PD3.GPIOParameters=GPIO_Label
PD3.GPIO_Label=PHY_RESET
PD3.Locked=true
PD3.Signal=GPIO_Output
PD4.Signal=FSMC_NOE
PD5.Signal=FSMC_NWE
PD8.Signal=FSMC_D13_DA13
PD9.Signal=FSMC_D14_DA14
PE0.Signal=FSMC_NBL0
PE1.Signal=FSMC_NBL1
PE10.Signal=FSMC_D7_DA7
PE11.Signal=FSMC_D8_DA8
PE12.Signal=FSMC_D9_DA9
PE13.Signal=FSMC_D10_DA10
PE14.Signal=FSMC_D11_DA11
PE15.Signal=FSMC_D12_DA12
PE4.GPIOParameters=GPIO_PuPd,GPIO_Label
PE4.GPIO_Label=KEY0
PE4.GPIO_PuPd=GPIO_PULLUP
PE4.Locked=true
PE4.Signal=GPIO_Input
PE7.Signal=FSMC_D4_DA4
PE8.Signal=FSMC_D5_DA5
PE9.Signal=FSMC_D6_DA6
PF0.Signal=FSMC_A0
PF1.Signal=FSMC_A1
PF10.GPIOParameters=PinState,GPIO_Label
PF10.GPIO_Label=LED1
PF10.Locked=true
PF10.PinState=GPIO_PIN_SET
PF10.Signal=GPIO_Output
PF12.Signal=FSMC_A6
PF13.Signal=FSMC_A7
PF14.Signal=FSMC_A8
PF15.Signal=FSMC_A9
PF2.Signal=FSMC_A2
PF3.Signal=FSMC_A3
PF4.Signal=FSMC_A4
PF5.Signal=FSMC_A5
PF9.GPIOParameters=PinState,GPIO_Label
PF9.GPIO_Label=LED0
PF9.Locked=true
PF9.PinState=GPIO_PIN_SET
PF9.Signal=GPIO_Output
PG0.Signal=FSMC_A10
PG1.Signal=FSMC_A11
PG10.Mode=NorPsramChipSelect3_1
PG10.Signal=FSMC_NE3
PG11.Mode=RMII
PG11.Signal=ETH_TX_EN
PG13.Mode=RMII
PG13.Signal=ETH_TXD0
PG14.Mode=RMII
PG14.Signal=ETH_TXD1
PG2.Signal=FSMC_A12
PG3.Signal=FSMC_A13
PG4.Signal=FSMC_A14
PG5.Signal=FSMC_A15
PG6.GPIOParameters=GPIO_PuPd,GPIO_ModeDefaultEXTI
PG6.GPIO_ModeDefaultEXTI=GPIO_MODE_IT_RISING_FALLING
PG6.GPIO_PuPd=GPIO_NOPULL
PG6.Locked=true
PG6.Signal=GPXTI6
PG7.GPIOParameters=GPIO_PuPd,GPIO_ModeDefaultEXTI
PG7.GPIO_ModeDefaultEXTI=GPIO_MODE_IT_RISING_FALLING
PG7.GPIO_PuPd=GPIO_NOPULL
PG7.Locked=true
PG7.Signal=GPXTI7
PG8.GPIOParameters=GPIO_PuPd,GPIO_ModeDefaultEXTI
PG8.GPIO_ModeDefaultEXTI=GPIO_MODE_IT_RISING_FALLING
PG8.GPIO_PuPd=GPIO_NOPULL
PG8.Locked=true
PG8.Signal=GPXTI8
PG15.GPIOParameters=GPIO_PuPd,GPIO_ModeDefaultEXTI
PG15.GPIO_ModeDefaultEXTI=GPIO_MODE_IT_RISING_FALLING
PG15.GPIO_PuPd=GPIO_NOPULL
PG15.Locked=true
PG15.Signal=GPXTI15
PH0-OSC_IN.Mode=HSE-External-Oscillator
PH0-OSC_IN.Signal=RCC_OSC_IN
PH1-OSC_OUT.Mode=HSE-External-Oscillator
PH1-OSC_OUT.Signal=RCC_OSC_OUT
PinOutPanel.RotationAngle=0
ProjectManager.AskForMigrate=true
ProjectManager.BackupPrevious=false
ProjectManager.CompilerLinker=GCC
ProjectManager.CompilerOptimize=6
ProjectManager.ComputerToolchain=false
ProjectManager.CoupleFile=true
ProjectManager.CustomerFirmwarePackage=
ProjectManager.DefaultFWLocation=true
ProjectManager.DeletePrevious=true
ProjectManager.DeviceId=STM32F407ZGTx
ProjectManager.FirmwarePackage=STM32Cube FW_F4 V1.28.3
ProjectManager.FreePins=false
ProjectManager.FreePinsContext=
ProjectManager.HalAssertFull=false
ProjectManager.HeapSize=0x1000
ProjectManager.KeepUserCode=true
ProjectManager.LastFirmware=true
ProjectManager.LibraryCopy=0
ProjectManager.MainLocation=Core/Src
ProjectManager.NoMain=false
ProjectManager.PreviousToolchain=
ProjectManager.ProjectBuild=false
ProjectManager.ProjectFileName=APP.ioc
ProjectManager.ProjectName=APP
ProjectManager.ProjectStructure=
ProjectManager.RegisterCallBack=
ProjectManager.StackSize=0x1000
ProjectManager.TargetToolchain=MDK-ARM V5.32
ProjectManager.ToolChainLocation=
ProjectManager.UAScriptAfterPath=
ProjectManager.UAScriptBeforePath=
ProjectManager.UnderRoot=false
ProjectManager.functionlistsort=1-SystemClock_Config-RCC-false-HAL-false,2-MX_GPIO_Init-GPIO-false-HAL-true,3-MX_DMA_Init-DMA-false-HAL-true,4-MX_RTC_Init-RTC-false-HAL-true,5-MX_IWDG_Init-IWDG-false-HAL-true,6-MX_USART1_UART_Init-USART1-false-HAL-true,7-MX_TIM2_Init-TIM2-false-HAL-true,8-MX_TIM3_Init-TIM3-false-HAL-true,9-MX_FSMC_Init-FSMC-false-HAL-true,10-MX_TIM8_Init-TIM8-false-HAL-true,11-MX_TIM1_Init-TIM1-false-HAL-true,12-MX_USART3_UART_Init-USART3-false-HAL-true,13-MX_LWIP_Init-LWIP-false-HAL-false,14-MX_I2C1_Init-I2C1-false-HAL-true
RCC.48MHZClocksFreq_Value=84000000
RCC.AHBFreq_Value=168000000
RCC.APB1CLKDivider=RCC_HCLK_DIV4
RCC.APB1Freq_Value=42000000
RCC.APB1TimFreq_Value=84000000
RCC.APB2CLKDivider=RCC_HCLK_DIV2
RCC.APB2Freq_Value=84000000
RCC.APB2TimFreq_Value=168000000
RCC.CortexFreq_Value=168000000
RCC.EthernetFreq_Value=168000000
RCC.FCLKCortexFreq_Value=168000000
RCC.FamilyName=M
RCC.HCLKFreq_Value=168000000
RCC.HSE_VALUE=8000000
RCC.HSI_VALUE=16000000
RCC.I2SClocksFreq_Value=96000000
RCC.IPParameters=48MHZClocksFreq_Value,AHBFreq_Value,APB1CLKDivider,APB1Freq_Value,APB1TimFreq_Value,APB2CLKDivider,APB2Freq_Value,APB2TimFreq_Value,CortexFreq_Value,EthernetFreq_Value,FCLKCortexFreq_Value,FamilyName,HCLKFreq_Value,HSE_VALUE,HSI_VALUE,I2SClocksFreq_Value,LSE_VALUE,LSI_VALUE,MCO2PinFreq_Value,PLLCLKFreq_Value,PLLM,PLLN,PLLQCLKFreq_Value,PLLSourceVirtual,RTCFreq_Value,RTCHSEDivFreq_Value,SYSCLKFreq_VALUE,SYSCLKSource,VCOI2SOutputFreq_Value,VCOInputFreq_Value,VCOOutputFreq_Value,VcooutputI2S
RCC.LSE_VALUE=32768
RCC.LSI_VALUE=32000
RCC.MCO2PinFreq_Value=168000000
RCC.PLLCLKFreq_Value=168000000
RCC.PLLM=8
RCC.PLLN=336
RCC.PLLQCLKFreq_Value=84000000
RCC.PLLSourceVirtual=RCC_PLLSOURCE_HSE
RCC.RTCFreq_Value=32000
RCC.RTCHSEDivFreq_Value=4000000
RCC.SYSCLKFreq_VALUE=168000000
RCC.SYSCLKSource=RCC_SYSCLKSOURCE_PLLCLK
RCC.VCOI2SOutputFreq_Value=192000000
RCC.VCOInputFreq_Value=1000000
RCC.VCOOutputFreq_Value=336000000
RCC.VcooutputI2S=96000000
SH.FSMC_A0.0=FSMC_A0,19b-a1
SH.FSMC_A0.ConfNb=1
SH.FSMC_A1.0=FSMC_A1,19b-a1
SH.FSMC_A1.ConfNb=1
SH.FSMC_A10.0=FSMC_A10,19b-a1
SH.FSMC_A10.ConfNb=1
SH.FSMC_A11.0=FSMC_A11,19b-a1
SH.FSMC_A11.ConfNb=1
SH.FSMC_A12.0=FSMC_A12,19b-a1
SH.FSMC_A12.ConfNb=1
SH.FSMC_A13.0=FSMC_A13,19b-a1
SH.FSMC_A13.ConfNb=1
SH.FSMC_A14.0=FSMC_A14,19b-a1
SH.FSMC_A14.ConfNb=1
SH.FSMC_A15.0=FSMC_A15,19b-a1
SH.FSMC_A15.ConfNb=1
SH.FSMC_A16_CLE.0=FSMC_A16,19b-a1
SH.FSMC_A16_CLE.ConfNb=1
SH.FSMC_A17_ALE.0=FSMC_A17,19b-a1
SH.FSMC_A17_ALE.ConfNb=1
SH.FSMC_A18.0=FSMC_A18,19b-a1
SH.FSMC_A18.ConfNb=1
SH.FSMC_A2.0=FSMC_A2,19b-a1
SH.FSMC_A2.ConfNb=1
SH.FSMC_A3.0=FSMC_A3,19b-a1
SH.FSMC_A3.ConfNb=1
SH.FSMC_A4.0=FSMC_A4,19b-a1
SH.FSMC_A4.ConfNb=1
SH.FSMC_A5.0=FSMC_A5,19b-a1
SH.FSMC_A5.ConfNb=1
SH.FSMC_A6.0=FSMC_A6,19b-a1
SH.FSMC_A6.ConfNb=1
SH.FSMC_A7.0=FSMC_A7,19b-a1
SH.FSMC_A7.ConfNb=1
SH.FSMC_A8.0=FSMC_A8,19b-a1
SH.FSMC_A8.ConfNb=1
SH.FSMC_A9.0=FSMC_A9,19b-a1
SH.FSMC_A9.ConfNb=1
SH.FSMC_D0_DA0.0=FSMC_D0,16b-d1
SH.FSMC_D0_DA0.ConfNb=1
SH.FSMC_D10_DA10.0=FSMC_D10,16b-d1
SH.FSMC_D10_DA10.ConfNb=1
SH.FSMC_D11_DA11.0=FSMC_D11,16b-d1
SH.FSMC_D11_DA11.ConfNb=1
SH.FSMC_D12_DA12.0=FSMC_D12,16b-d1
SH.FSMC_D12_DA12.ConfNb=1
SH.FSMC_D13_DA13.0=FSMC_D13,16b-d1
SH.FSMC_D13_DA13.ConfNb=1
SH.FSMC_D14_DA14.0=FSMC_D14,16b-d1
SH.FSMC_D14_DA14.ConfNb=1
SH.FSMC_D15_DA15.0=FSMC_D15,16b-d1
SH.FSMC_D15_DA15.ConfNb=1
SH.FSMC_D1_DA1.0=FSMC_D1,16b-d1
SH.FSMC_D1_DA1.ConfNb=1
SH.FSMC_D2_DA2.0=FSMC_D2,16b-d1
SH.FSMC_D2_DA2.ConfNb=1
SH.FSMC_D3_DA3.0=FSMC_D3,16b-d1
SH.FSMC_D3_DA3.ConfNb=1
SH.FSMC_D4_DA4.0=FSMC_D4,16b-d1
SH.FSMC_D4_DA4.ConfNb=1
SH.FSMC_D5_DA5.0=FSMC_D5,16b-d1
SH.FSMC_D5_DA5.ConfNb=1
SH.FSMC_D6_DA6.0=FSMC_D6,16b-d1
SH.FSMC_D6_DA6.ConfNb=1
SH.FSMC_D7_DA7.0=FSMC_D7,16b-d1
SH.FSMC_D7_DA7.ConfNb=1
SH.FSMC_D8_DA8.0=FSMC_D8,16b-d1
SH.FSMC_D8_DA8.ConfNb=1
SH.FSMC_D9_DA9.0=FSMC_D9,16b-d1
SH.FSMC_D9_DA9.ConfNb=1
SH.FSMC_NBL0.0=FSMC_NBL0,2ByteEnable1
SH.FSMC_NBL0.ConfNb=1
SH.FSMC_NBL1.0=FSMC_NBL1,2ByteEnable1
SH.FSMC_NBL1.ConfNb=1
SH.FSMC_NOE.0=FSMC_NOE,Sram1
SH.FSMC_NOE.ConfNb=1
SH.FSMC_NWE.0=FSMC_NWE,Sram1
SH.FSMC_NWE.ConfNb=1
SH.GPXTI6.0=GPIO_EXTI6
SH.GPXTI6.ConfNb=1
SH.GPXTI7.0=GPIO_EXTI7
SH.GPXTI7.ConfNb=1
SH.GPXTI8.0=GPIO_EXTI8
SH.GPXTI8.ConfNb=1
SH.GPXTI15.0=GPIO_EXTI15
SH.GPXTI15.ConfNb=1
SH.I2C1_SCL.0=I2C1_SCL,
SH.I2C1_SCL.ConfNb=1
SH.I2C1_SDA.0=I2C1_SDA,
SH.I2C1_SDA.ConfNb=1
SH.S_TIM3_CH1.0=TIM3_CH1
SH.S_TIM3_CH1.ConfNb=1
SH.S_TIM8_CH1.0=TIM8_CH1,PWM Generation1 CH1
SH.S_TIM8_CH1.ConfNb=1
TIM1.AutoReloadPreload=TIM_AUTORELOAD_PRELOAD_DISABLE
TIM1.IPParameters=Prescaler,Period,AutoReloadPreload,TIM_MasterSlaveMode,TIM_MasterOutputTrigger
TIM1.Period=65535
TIM1.Prescaler=0
TIM1.TIM_MasterOutputTrigger=TIM_TRGO_RESET
TIM1.TIM_MasterSlaveMode=TIM_MASTERSLAVEMODE_DISABLE
TIM3.AutoReloadPreload=TIM_AUTORELOAD_PRELOAD_ENABLE
TIM3.IPParameters=TIM_MasterSlaveMode,TIM_MasterOutputTrigger,AutoReloadPreload
TIM3.TIM_MasterOutputTrigger=TIM_TRGO_UPDATE
TIM3.TIM_MasterSlaveMode=TIM_MASTERSLAVEMODE_ENABLE
TIM8.AutoReloadPreload=TIM_AUTORELOAD_PRELOAD_ENABLE
TIM8.Channel-PWM\ Generation1\ CH1=TIM_CHANNEL_1
TIM8.IPParameters=Channel-PWM Generation1 CH1,Prescaler,Period,AutoReloadPreload
TIM8.Period=9999
TIM8.Prescaler=167
USART1.BaudRate=921600
USART1.IPParameters=VirtualMode,BaudRate
USART1.VirtualMode=VM_ASYNC
USART3.BaudRate=115200
USART3.IPParameters=VirtualMode,BaudRate
USART3.VirtualMode=VM_ASYNC
VP_FREERTOS_VS_CMSIS_V2.Mode=CMSIS_V2
VP_FREERTOS_VS_CMSIS_V2.Signal=FREERTOS_VS_CMSIS_V2
VP_IWDG_VS_IWDG.Mode=IWDG_Activate
VP_IWDG_VS_IWDG.Signal=IWDG_VS_IWDG
VP_LWIP_VS_Enabled.Mode=Enabled
VP_LWIP_VS_Enabled.Signal=LWIP_VS_Enabled
VP_RTC_VS_RTC_Activate.Mode=RTC_Enabled
VP_RTC_VS_RTC_Activate.Signal=RTC_VS_RTC_Activate
VP_SYS_VS_tim7.Mode=TIM7
VP_SYS_VS_tim7.Signal=SYS_VS_tim7
VP_TIM1_VS_ClockSourceINT.Mode=Internal
VP_TIM1_VS_ClockSourceINT.Signal=TIM1_VS_ClockSourceINT
VP_TIM2_VS_ClockSourceINT.Mode=Internal
VP_TIM2_VS_ClockSourceINT.Signal=TIM2_VS_ClockSourceINT
VP_TIM3_VS_ClockSourceINT.Mode=Internal
VP_TIM3_VS_ClockSourceINT.Signal=TIM3_VS_ClockSourceINT
VP_TIM8_VS_ClockSourceINT.Mode=Internal
VP_TIM8_VS_ClockSourceINT.Signal=TIM8_VS_ClockSourceINT
board=custom
rtos.0.ip=FREERTOS
